Microsoft Visual Studio Solution File, Format Version 11.00
# Visual Studio 2010
Project("{8BC9CEB8-8B4A-11D0-8D11-00A0C91BC942}") = "CrashHandlerLib", "lib\CrashHandlerLib.vcxproj", "{23659BF2-4137-45E5-BBCE-B8FE827B0805}"
EndProject
Global
	GlobalSection(SolutionConfigurationPlatforms) = preSolution
		Debug|Win32 = Debug|Win32
		Debug|x64 = Debug|x64
		Release|Win32 = Release|Win32
		Release|x64 = Release|x64
	EndGlobalSection
	GlobalSection(ProjectConfigurationPlatforms) = postSolution
		{23659BF2-4137-45E5-BBCE-B8FE827B0805}.Debug|Win32.ActiveCfg = Debug|Win32
		{23659BF2-4137-45E5-BBCE-B8FE827B0805}.Debug|Win32.Build.0 = Debug|Win32
		{23659BF2-4137-45E5-BBCE-B8FE827B0805}.Debug|x64.ActiveCfg = Debug|x64
		{23659BF2-4137-45E5-BBCE-B8FE827B0805}.Debug|x64.Build.0 = Debug|x64
		{23659BF2-4137-45E5-BBCE-B8FE827B0805}.Release|Win32.ActiveCfg = Release|Win32
		{23659BF2-4137-45E5-BBCE-B8FE827B0805}.Release|Win32.Build.0 = Release|Win32
		{23659BF2-4137-45E5-BBCE-B8FE827B0805}.Release|x64.ActiveCfg = Release|x64
		{23659BF2-4137-45E5-BBCE-B8FE827B0805}.Release|x64.Build.0 = Release|x64
	EndGlobalSection
	GlobalSection(SolutionProperties) = preSolution
		HideSolutionNode = FALSE
	EndGlobalSection
EndGlobal
