
Microsoft Visual Studio Solution File, Format Version 10.00
# Visual Studio 2008
Project("{8BC9CEB8-8B4A-11D0-8D11-00A0C91BC942}") = "UtilsPlugin", "UtilsPlugin\UtilsPlugin.vcproj", "{96032C1D-BA42-4D48-AF28-C9A943048BEF}"
EndProject
Global
	GlobalSection(SolutionConfigurationPlatforms) = preSolution
		Release|Win32 = Release|Win32
	EndGlobalSection
	GlobalSection(ProjectConfigurationPlatforms) = postSolution
		{96032C1D-BA42-4D48-AF28-C9A943048BEF}.Release|Win32.ActiveCfg = Release|Win32
		{96032C1D-BA42-4D48-AF28-C9A943048BEF}.Release|Win32.Build.0 = Release|Win32
	EndGlobalSection
	GlobalSection(SolutionProperties) = preSolution
		HideSolutionNode = FALSE
	EndGlobalSection
EndGlobal
