
Microsoft Visual Studio Solution File, Format Version 12.00
# Visual Studio 2013
VisualStudioVersion = 12.0.40418.0
MinimumVisualStudioVersion = 10.0.40219.1
Project("{FAE04EC0-301F-11D3-BF4B-00C04F79EFBC}") = "BindingsAutomigrator", "BindingsAutomigrator\BindingsAutomigrator.csproj", "{1FD4BB3C-1B3A-43D9-8FD9-527F800A1D21}"
EndProject
Project("{FAE04EC0-301F-11D3-BF4B-00C04F79EFBC}") = "Unity.CommonTools", "..\Unity.CommonTools\Unity.CommonTools.csproj", "{882B3C08-618B-4D66-B45C-88853106F1AF}"
EndProject
Global
	GlobalSection(SolutionConfigurationPlatforms) = preSolution
		Debug|Any CPU = Debug|Any CPU
		Release|Any CPU = Release|Any CPU
	EndGlobalSection
	GlobalSection(ProjectConfigurationPlatforms) = postSolution
		{1FD4BB3C-1B3A-43D9-8FD9-527F800A1D21}.Debug|Any CPU.ActiveCfg = Debug|Any CPU
		{1FD4BB3C-1B3A-43D9-8FD9-527F800A1D21}.Debug|Any CPU.Build.0 = Debug|Any CPU
		{1FD4BB3C-1B3A-43D9-8FD9-527F800A1D21}.Release|Any CPU.ActiveCfg = Release|Any CPU
		{1FD4BB3C-1B3A-43D9-8FD9-527F800A1D21}.Release|Any CPU.Build.0 = Release|Any CPU
		{882B3C08-618B-4D66-B45C-88853106F1AF}.Debug|Any CPU.ActiveCfg = Debug|Any CPU
		{882B3C08-618B-4D66-B45C-88853106F1AF}.Debug|Any CPU.Build.0 = Debug|Any CPU
		{882B3C08-618B-4D66-B45C-88853106F1AF}.Release|Any CPU.ActiveCfg = Debug|Any CPU
		{882B3C08-618B-4D66-B45C-88853106F1AF}.Release|Any CPU.Build.0 = Debug|Any CPU
	EndGlobalSection
	GlobalSection(SolutionProperties) = preSolution
		HideSolutionNode = FALSE
	EndGlobalSection
EndGlobal
