
Microsoft Visual Studio Solution File, Format Version 11.00
# Visual Studio 2010
Project("{2150E333-8FDC-42A3-9474-1A3956D46DE8}") = "Unity", "Unity", "{B880E45B-9467-472E-9EF9-243E67364185}"
EndProject
Project("{FAE04EC0-301F-11D3-BF4B-00C04F79EFBC}") = "UnityEditor", "..\..\Projects\CSharp\UnityEditor.csproj", "{016C8D73-3641-47FB-8D33-7A015A7EC7DB}"
EndProject
Project("{FAE04EC0-301F-11D3-BF4B-00C04F79EFBC}") = "UnityEngine", "..\..\Projects\CSharp\UnityEngine.csproj", "{F0499708-3EB6-4026-8362-97E6FFC4E7C8}"
EndProject
Project("{FAE04EC0-301F-11D3-BF4B-00C04F79EFBC}") = "Unity.CommonTools", "..\Unity.CommonTools\Unity.CommonTools.csproj", "{882B3C08-618B-4D66-B45C-88853106F1AF}"
EndProject
Project("{FAE04EC0-301F-11D3-BF4B-00C04F79EFBC}") = "Unity.SerializationLogic", "..\Unity.SerializationLogic\Unity.SerializationLogic.csproj", "{A6749DFF-E369-4FE6-9019-6B7C555E80EA}"
EndProject
Project("{FAE04EC0-301F-11D3-BF4B-00C04F79EFBC}") = "Unity.CecilTools", "..\Unity.CecilTools\Unity.CecilTools.csproj", "{35FF4EBD-85F0-4727-8AC0-32AE4F3723D0}"
EndProject
Project("{FAE04EC0-301F-11D3-BF4B-00C04F79EFBC}") = "UNetWeaver", "..\..\Extensions\Networking\Weaver\UNetWeaver.csproj", "{709222FD-15C2-497D-8B31-366ADCC074CD}"
EndProject
Project("{FAE04EC0-301F-11D3-BF4B-00C04F79EFBC}") = "PackageManager", "PackageManager\PackageManager.csproj", "{223F3C8E-5858-4267-B2CA-943EF442FD4A}"
EndProject
Project("{FAE04EC0-301F-11D3-BF4B-00C04F79EFBC}") = "Locator", "Locator\Locator.csproj", "{C9485F7F-13D6-41BB-96B5-6E4D640DCB06}"
EndProject
Project("{FAE04EC0-301F-11D3-BF4B-00C04F79EFBC}") = "IvyParser", "IvyParser\IvyParser.csproj", "{F414FAEE-BDD9-4DD8-81FE-0998339F1C75}"
EndProject
Project("{FAE04EC0-301F-11D3-BF4B-00C04F79EFBC}") = "DataContract", "DataContract\DataContract.csproj", "{A15E35A9-22E8-4A79-B6CE-C0984062DAC6}"
EndProject
Project("{FAE04EC0-301F-11D3-BF4B-00C04F79EFBC}") = "Packager", "Packager\Packager.csproj", "{FAE3C99D-5471-4939-AF10-DBC6D0F3B5C8}"
EndProject
Project("{2150E333-8FDC-42A3-9474-1A3956D46DE8}") = "Tests", "Tests", "{A3AD2C95-539B-462F-A0D6-A38C19D060F4}"
EndProject
Project("{FAE04EC0-301F-11D3-BF4B-00C04F79EFBC}") = "Locator.Tests", "Locator.Tests\Locator.Tests.csproj", "{6F9EB2BB-23E7-4658-94B0-A62B0C8734F5}"
EndProject
Project("{FAE04EC0-301F-11D3-BF4B-00C04F79EFBC}") = "PackageManager.Tests", "PackageManager.Tests\PackageManager.Tests.csproj", "{C62A9DBC-A737-4C32-AF72-1D2826D29BB3}"
EndProject
Project("{FAE04EC0-301F-11D3-BF4B-00C04F79EFBC}") = "Packager.Tests", "Packager.Tests\Packager.Tests.csproj", "{57D7FED5-37A6-4D7B-9686-39B43E6DC921}"
EndProject
Project("{FAE04EC0-301F-11D3-BF4B-00C04F79EFBC}") = "Unity.PackageManagerStandalone", "PackageManager\Unity.PackageManagerStandalone.csproj", "{A66E8C8A-902B-425A-8315-C884FC1BC712}"
EndProject
Project("{FAE04EC0-301F-11D3-BF4B-00C04F79EFBC}") = "IvyParser.Tests", "IvyParser.Tests\IvyParser.Tests.csproj", "{D6AA5C5F-3040-45C3-BC29-047FC2BA1291}"
EndProject
Global
	GlobalSection(SolutionConfigurationPlatforms) = preSolution
		Debug|Any CPU = Debug|Any CPU
		Debug|Mixed Platforms = Debug|Mixed Platforms
		Debug|x86 = Debug|x86
		Release|Any CPU = Release|Any CPU
		Release|Mixed Platforms = Release|Mixed Platforms
		Release|x86 = Release|x86
		Testing|Any CPU = Testing|Any CPU
		Testing|Mixed Platforms = Testing|Mixed Platforms
		Testing|x86 = Testing|x86
		VS|Any CPU = VS|Any CPU
		VS|Mixed Platforms = VS|Mixed Platforms
		VS|x86 = VS|x86
	EndGlobalSection
	GlobalSection(ProjectConfigurationPlatforms) = postSolution
		{016C8D73-3641-47FB-8D33-7A015A7EC7DB}.Debug|Any CPU.ActiveCfg = Debug|Any CPU
		{016C8D73-3641-47FB-8D33-7A015A7EC7DB}.Debug|Any CPU.Build.0 = Debug|Any CPU
		{016C8D73-3641-47FB-8D33-7A015A7EC7DB}.Debug|Mixed Platforms.ActiveCfg = Debug|Any CPU
		{016C8D73-3641-47FB-8D33-7A015A7EC7DB}.Debug|Mixed Platforms.Build.0 = Debug|Any CPU
		{016C8D73-3641-47FB-8D33-7A015A7EC7DB}.Debug|x86.ActiveCfg = Debug|Any CPU
		{016C8D73-3641-47FB-8D33-7A015A7EC7DB}.Release|Any CPU.ActiveCfg = Release|Any CPU
		{016C8D73-3641-47FB-8D33-7A015A7EC7DB}.Release|Any CPU.Build.0 = Release|Any CPU
		{016C8D73-3641-47FB-8D33-7A015A7EC7DB}.Release|Mixed Platforms.ActiveCfg = Release|Any CPU
		{016C8D73-3641-47FB-8D33-7A015A7EC7DB}.Release|Mixed Platforms.Build.0 = Release|Any CPU
		{016C8D73-3641-47FB-8D33-7A015A7EC7DB}.Release|x86.ActiveCfg = Release|Any CPU
		{016C8D73-3641-47FB-8D33-7A015A7EC7DB}.Testing|Any CPU.ActiveCfg = Testing|Any CPU
		{016C8D73-3641-47FB-8D33-7A015A7EC7DB}.Testing|Any CPU.Build.0 = Testing|Any CPU
		{016C8D73-3641-47FB-8D33-7A015A7EC7DB}.Testing|Mixed Platforms.ActiveCfg = Testing|Any CPU
		{016C8D73-3641-47FB-8D33-7A015A7EC7DB}.Testing|Mixed Platforms.Build.0 = Testing|Any CPU
		{016C8D73-3641-47FB-8D33-7A015A7EC7DB}.Testing|x86.ActiveCfg = Testing|Any CPU
		{016C8D73-3641-47FB-8D33-7A015A7EC7DB}.VS|Any CPU.ActiveCfg = Debug|Any CPU
		{016C8D73-3641-47FB-8D33-7A015A7EC7DB}.VS|Any CPU.Build.0 = Debug|Any CPU
		{016C8D73-3641-47FB-8D33-7A015A7EC7DB}.VS|Mixed Platforms.ActiveCfg = Debug|Any CPU
		{016C8D73-3641-47FB-8D33-7A015A7EC7DB}.VS|Mixed Platforms.Build.0 = Debug|Any CPU
		{016C8D73-3641-47FB-8D33-7A015A7EC7DB}.VS|x86.ActiveCfg = Debug|Any CPU
		{223F3C8E-5858-4267-B2CA-943EF442FD4A}.Debug|Any CPU.ActiveCfg = Debug|Any CPU
		{223F3C8E-5858-4267-B2CA-943EF442FD4A}.Debug|Any CPU.Build.0 = Debug|Any CPU
		{223F3C8E-5858-4267-B2CA-943EF442FD4A}.Debug|Mixed Platforms.ActiveCfg = Debug|Any CPU
		{223F3C8E-5858-4267-B2CA-943EF442FD4A}.Debug|Mixed Platforms.Build.0 = Debug|Any CPU
		{223F3C8E-5858-4267-B2CA-943EF442FD4A}.Debug|x86.ActiveCfg = Debug|Any CPU
		{223F3C8E-5858-4267-B2CA-943EF442FD4A}.Debug|x86.Build.0 = Debug|Any CPU
		{223F3C8E-5858-4267-B2CA-943EF442FD4A}.Release|Any CPU.ActiveCfg = Release|Any CPU
		{223F3C8E-5858-4267-B2CA-943EF442FD4A}.Release|Any CPU.Build.0 = Release|Any CPU
		{223F3C8E-5858-4267-B2CA-943EF442FD4A}.Release|Mixed Platforms.ActiveCfg = Release|Any CPU
		{223F3C8E-5858-4267-B2CA-943EF442FD4A}.Release|Mixed Platforms.Build.0 = Release|Any CPU
		{223F3C8E-5858-4267-B2CA-943EF442FD4A}.Release|x86.ActiveCfg = Release|Any CPU
		{223F3C8E-5858-4267-B2CA-943EF442FD4A}.Release|x86.Build.0 = Release|Any CPU
		{223F3C8E-5858-4267-B2CA-943EF442FD4A}.Testing|Any CPU.ActiveCfg = Debug|Any CPU
		{223F3C8E-5858-4267-B2CA-943EF442FD4A}.Testing|Any CPU.Build.0 = Debug|Any CPU
		{223F3C8E-5858-4267-B2CA-943EF442FD4A}.Testing|Mixed Platforms.ActiveCfg = Debug|Any CPU
		{223F3C8E-5858-4267-B2CA-943EF442FD4A}.Testing|Mixed Platforms.Build.0 = Debug|Any CPU
		{223F3C8E-5858-4267-B2CA-943EF442FD4A}.Testing|x86.ActiveCfg = Debug|Any CPU
		{223F3C8E-5858-4267-B2CA-943EF442FD4A}.Testing|x86.Build.0 = Debug|Any CPU
		{223F3C8E-5858-4267-B2CA-943EF442FD4A}.VS|Any CPU.ActiveCfg = VS|Any CPU
		{223F3C8E-5858-4267-B2CA-943EF442FD4A}.VS|Any CPU.Build.0 = VS|Any CPU
		{223F3C8E-5858-4267-B2CA-943EF442FD4A}.VS|Mixed Platforms.ActiveCfg = VS|Any CPU
		{223F3C8E-5858-4267-B2CA-943EF442FD4A}.VS|Mixed Platforms.Build.0 = VS|Any CPU
		{223F3C8E-5858-4267-B2CA-943EF442FD4A}.VS|x86.ActiveCfg = VS|Any CPU
		{35FF4EBD-85F0-4727-8AC0-32AE4F3723D0}.Debug|Any CPU.ActiveCfg = Debug|Any CPU
		{35FF4EBD-85F0-4727-8AC0-32AE4F3723D0}.Debug|Any CPU.Build.0 = Debug|Any CPU
		{35FF4EBD-85F0-4727-8AC0-32AE4F3723D0}.Debug|Mixed Platforms.ActiveCfg = Debug|Any CPU
		{35FF4EBD-85F0-4727-8AC0-32AE4F3723D0}.Debug|Mixed Platforms.Build.0 = Debug|Any CPU
		{35FF4EBD-85F0-4727-8AC0-32AE4F3723D0}.Debug|x86.ActiveCfg = Debug|Any CPU
		{35FF4EBD-85F0-4727-8AC0-32AE4F3723D0}.Debug|x86.Build.0 = Debug|Any CPU
		{35FF4EBD-85F0-4727-8AC0-32AE4F3723D0}.Release|Any CPU.ActiveCfg = Release|Any CPU
		{35FF4EBD-85F0-4727-8AC0-32AE4F3723D0}.Release|Any CPU.Build.0 = Release|Any CPU
		{35FF4EBD-85F0-4727-8AC0-32AE4F3723D0}.Release|Mixed Platforms.ActiveCfg = Release|Any CPU
		{35FF4EBD-85F0-4727-8AC0-32AE4F3723D0}.Release|Mixed Platforms.Build.0 = Release|Any CPU
		{35FF4EBD-85F0-4727-8AC0-32AE4F3723D0}.Release|x86.ActiveCfg = Release|Any CPU
		{35FF4EBD-85F0-4727-8AC0-32AE4F3723D0}.Release|x86.Build.0 = Release|Any CPU
		{35FF4EBD-85F0-4727-8AC0-32AE4F3723D0}.Testing|Any CPU.ActiveCfg = Debug|Any CPU
		{35FF4EBD-85F0-4727-8AC0-32AE4F3723D0}.Testing|Any CPU.Build.0 = Debug|Any CPU
		{35FF4EBD-85F0-4727-8AC0-32AE4F3723D0}.Testing|Mixed Platforms.ActiveCfg = Debug|Any CPU
		{35FF4EBD-85F0-4727-8AC0-32AE4F3723D0}.Testing|Mixed Platforms.Build.0 = Debug|Any CPU
		{35FF4EBD-85F0-4727-8AC0-32AE4F3723D0}.Testing|x86.ActiveCfg = Debug|Any CPU
		{35FF4EBD-85F0-4727-8AC0-32AE4F3723D0}.Testing|x86.Build.0 = Debug|Any CPU
		{35FF4EBD-85F0-4727-8AC0-32AE4F3723D0}.VS|Any CPU.ActiveCfg = Debug|Any CPU
		{35FF4EBD-85F0-4727-8AC0-32AE4F3723D0}.VS|Any CPU.Build.0 = Debug|Any CPU
		{35FF4EBD-85F0-4727-8AC0-32AE4F3723D0}.VS|Mixed Platforms.ActiveCfg = Debug|Any CPU
		{35FF4EBD-85F0-4727-8AC0-32AE4F3723D0}.VS|Mixed Platforms.Build.0 = Debug|Any CPU
		{35FF4EBD-85F0-4727-8AC0-32AE4F3723D0}.VS|x86.ActiveCfg = Debug|Any CPU
		{35FF4EBD-85F0-4727-8AC0-32AE4F3723D0}.VS|x86.Build.0 = Debug|Any CPU
		{57D7FED5-37A6-4D7B-9686-39B43E6DC921}.Debug|Any CPU.ActiveCfg = Debug|Any CPU
		{57D7FED5-37A6-4D7B-9686-39B43E6DC921}.Debug|Any CPU.Build.0 = Debug|Any CPU
		{57D7FED5-37A6-4D7B-9686-39B43E6DC921}.Debug|Mixed Platforms.ActiveCfg = Debug|Any CPU
		{57D7FED5-37A6-4D7B-9686-39B43E6DC921}.Debug|Mixed Platforms.Build.0 = Debug|Any CPU
		{57D7FED5-37A6-4D7B-9686-39B43E6DC921}.Debug|x86.ActiveCfg = Debug|Any CPU
		{57D7FED5-37A6-4D7B-9686-39B43E6DC921}.Release|Any CPU.ActiveCfg = Release|Any CPU
		{57D7FED5-37A6-4D7B-9686-39B43E6DC921}.Release|Any CPU.Build.0 = Release|Any CPU
		{57D7FED5-37A6-4D7B-9686-39B43E6DC921}.Release|Mixed Platforms.ActiveCfg = Release|Any CPU
		{57D7FED5-37A6-4D7B-9686-39B43E6DC921}.Release|Mixed Platforms.Build.0 = Release|Any CPU
		{57D7FED5-37A6-4D7B-9686-39B43E6DC921}.Release|x86.ActiveCfg = Release|Any CPU
		{57D7FED5-37A6-4D7B-9686-39B43E6DC921}.Testing|Any CPU.ActiveCfg = Release|Any CPU
		{57D7FED5-37A6-4D7B-9686-39B43E6DC921}.Testing|Any CPU.Build.0 = Release|Any CPU
		{57D7FED5-37A6-4D7B-9686-39B43E6DC921}.Testing|Mixed Platforms.ActiveCfg = Release|Any CPU
		{57D7FED5-37A6-4D7B-9686-39B43E6DC921}.Testing|Mixed Platforms.Build.0 = Release|Any CPU
		{57D7FED5-37A6-4D7B-9686-39B43E6DC921}.Testing|x86.ActiveCfg = Release|Any CPU
		{57D7FED5-37A6-4D7B-9686-39B43E6DC921}.VS|Any CPU.ActiveCfg = VS|Any CPU
		{57D7FED5-37A6-4D7B-9686-39B43E6DC921}.VS|Any CPU.Build.0 = VS|Any CPU
		{57D7FED5-37A6-4D7B-9686-39B43E6DC921}.VS|Mixed Platforms.ActiveCfg = VS|Any CPU
		{57D7FED5-37A6-4D7B-9686-39B43E6DC921}.VS|Mixed Platforms.Build.0 = VS|Any CPU
		{57D7FED5-37A6-4D7B-9686-39B43E6DC921}.VS|x86.ActiveCfg = VS|Any CPU
		{6F9EB2BB-23E7-4658-94B0-A62B0C8734F5}.Debug|Any CPU.ActiveCfg = Debug|Any CPU
		{6F9EB2BB-23E7-4658-94B0-A62B0C8734F5}.Debug|Any CPU.Build.0 = Debug|Any CPU
		{6F9EB2BB-23E7-4658-94B0-A62B0C8734F5}.Debug|Mixed Platforms.ActiveCfg = Debug|Any CPU
		{6F9EB2BB-23E7-4658-94B0-A62B0C8734F5}.Debug|Mixed Platforms.Build.0 = Debug|Any CPU
		{6F9EB2BB-23E7-4658-94B0-A62B0C8734F5}.Debug|x86.ActiveCfg = Debug|Any CPU
		{6F9EB2BB-23E7-4658-94B0-A62B0C8734F5}.Debug|x86.Build.0 = Debug|Any CPU
		{6F9EB2BB-23E7-4658-94B0-A62B0C8734F5}.Release|Any CPU.ActiveCfg = Release|Any CPU
		{6F9EB2BB-23E7-4658-94B0-A62B0C8734F5}.Release|Any CPU.Build.0 = Release|Any CPU
		{6F9EB2BB-23E7-4658-94B0-A62B0C8734F5}.Release|Mixed Platforms.ActiveCfg = Release|Any CPU
		{6F9EB2BB-23E7-4658-94B0-A62B0C8734F5}.Release|Mixed Platforms.Build.0 = Release|Any CPU
		{6F9EB2BB-23E7-4658-94B0-A62B0C8734F5}.Release|x86.ActiveCfg = Release|Any CPU
		{6F9EB2BB-23E7-4658-94B0-A62B0C8734F5}.Release|x86.Build.0 = Release|Any CPU
		{6F9EB2BB-23E7-4658-94B0-A62B0C8734F5}.Testing|Any CPU.ActiveCfg = Debug|Any CPU
		{6F9EB2BB-23E7-4658-94B0-A62B0C8734F5}.Testing|Any CPU.Build.0 = Debug|Any CPU
		{6F9EB2BB-23E7-4658-94B0-A62B0C8734F5}.Testing|Mixed Platforms.ActiveCfg = Debug|Any CPU
		{6F9EB2BB-23E7-4658-94B0-A62B0C8734F5}.Testing|Mixed Platforms.Build.0 = Debug|Any CPU
		{6F9EB2BB-23E7-4658-94B0-A62B0C8734F5}.Testing|x86.ActiveCfg = Debug|Any CPU
		{6F9EB2BB-23E7-4658-94B0-A62B0C8734F5}.Testing|x86.Build.0 = Debug|Any CPU
		{6F9EB2BB-23E7-4658-94B0-A62B0C8734F5}.VS|Any CPU.ActiveCfg = VS|Any CPU
		{6F9EB2BB-23E7-4658-94B0-A62B0C8734F5}.VS|Any CPU.Build.0 = VS|Any CPU
		{6F9EB2BB-23E7-4658-94B0-A62B0C8734F5}.VS|Mixed Platforms.ActiveCfg = VS|Any CPU
		{6F9EB2BB-23E7-4658-94B0-A62B0C8734F5}.VS|Mixed Platforms.Build.0 = VS|Any CPU
		{6F9EB2BB-23E7-4658-94B0-A62B0C8734F5}.VS|x86.ActiveCfg = VS|Any CPU
		{709222FD-15C2-497D-8B31-366ADCC074CD}.Debug|Any CPU.ActiveCfg = Debug|Any CPU
		{709222FD-15C2-497D-8B31-366ADCC074CD}.Debug|Any CPU.Build.0 = Debug|Any CPU
		{709222FD-15C2-497D-8B31-366ADCC074CD}.Debug|Mixed Platforms.ActiveCfg = Debug|Any CPU
		{709222FD-15C2-497D-8B31-366ADCC074CD}.Debug|Mixed Platforms.Build.0 = Debug|Any CPU
		{709222FD-15C2-497D-8B31-366ADCC074CD}.Debug|x86.ActiveCfg = Debug|Any CPU
		{709222FD-15C2-497D-8B31-366ADCC074CD}.Debug|x86.Build.0 = Debug|Any CPU
		{709222FD-15C2-497D-8B31-366ADCC074CD}.Release|Any CPU.ActiveCfg = Release|Any CPU
		{709222FD-15C2-497D-8B31-366ADCC074CD}.Release|Any CPU.Build.0 = Release|Any CPU
		{709222FD-15C2-497D-8B31-366ADCC074CD}.Release|Mixed Platforms.ActiveCfg = Release|Any CPU
		{709222FD-15C2-497D-8B31-366ADCC074CD}.Release|Mixed Platforms.Build.0 = Release|Any CPU
		{709222FD-15C2-497D-8B31-366ADCC074CD}.Release|x86.ActiveCfg = Release|Any CPU
		{709222FD-15C2-497D-8B31-366ADCC074CD}.Release|x86.Build.0 = Release|Any CPU
		{709222FD-15C2-497D-8B31-366ADCC074CD}.Testing|Any CPU.ActiveCfg = Debug|Any CPU
		{709222FD-15C2-497D-8B31-366ADCC074CD}.Testing|Any CPU.Build.0 = Debug|Any CPU
		{709222FD-15C2-497D-8B31-366ADCC074CD}.Testing|Mixed Platforms.ActiveCfg = Debug|Any CPU
		{709222FD-15C2-497D-8B31-366ADCC074CD}.Testing|Mixed Platforms.Build.0 = Debug|Any CPU
		{709222FD-15C2-497D-8B31-366ADCC074CD}.Testing|x86.ActiveCfg = Debug|Any CPU
		{709222FD-15C2-497D-8B31-366ADCC074CD}.Testing|x86.Build.0 = Debug|Any CPU
		{709222FD-15C2-497D-8B31-366ADCC074CD}.VS|Any CPU.ActiveCfg = Debug|Any CPU
		{709222FD-15C2-497D-8B31-366ADCC074CD}.VS|Any CPU.Build.0 = Debug|Any CPU
		{709222FD-15C2-497D-8B31-366ADCC074CD}.VS|Mixed Platforms.ActiveCfg = Debug|Any CPU
		{709222FD-15C2-497D-8B31-366ADCC074CD}.VS|Mixed Platforms.Build.0 = Debug|Any CPU
		{709222FD-15C2-497D-8B31-366ADCC074CD}.VS|x86.ActiveCfg = Debug|Any CPU
		{709222FD-15C2-497D-8B31-366ADCC074CD}.VS|x86.Build.0 = Debug|Any CPU
		{882B3C08-618B-4D66-B45C-88853106F1AF}.Debug|Any CPU.ActiveCfg = Debug|Any CPU
		{882B3C08-618B-4D66-B45C-88853106F1AF}.Debug|Any CPU.Build.0 = Debug|Any CPU
		{882B3C08-618B-4D66-B45C-88853106F1AF}.Debug|Mixed Platforms.ActiveCfg = Debug|Any CPU
		{882B3C08-618B-4D66-B45C-88853106F1AF}.Debug|Mixed Platforms.Build.0 = Debug|Any CPU
		{882B3C08-618B-4D66-B45C-88853106F1AF}.Debug|x86.ActiveCfg = Debug|Any CPU
		{882B3C08-618B-4D66-B45C-88853106F1AF}.Release|Any CPU.ActiveCfg = Release|Any CPU
		{882B3C08-618B-4D66-B45C-88853106F1AF}.Release|Any CPU.Build.0 = Release|Any CPU
		{882B3C08-618B-4D66-B45C-88853106F1AF}.Release|Mixed Platforms.ActiveCfg = Release|Any CPU
		{882B3C08-618B-4D66-B45C-88853106F1AF}.Release|Mixed Platforms.Build.0 = Release|Any CPU
		{882B3C08-618B-4D66-B45C-88853106F1AF}.Release|x86.ActiveCfg = Release|Any CPU
		{882B3C08-618B-4D66-B45C-88853106F1AF}.Testing|Any CPU.ActiveCfg = Release|Any CPU
		{882B3C08-618B-4D66-B45C-88853106F1AF}.Testing|Any CPU.Build.0 = Release|Any CPU
		{882B3C08-618B-4D66-B45C-88853106F1AF}.Testing|Mixed Platforms.ActiveCfg = Release|Any CPU
		{882B3C08-618B-4D66-B45C-88853106F1AF}.Testing|Mixed Platforms.Build.0 = Release|Any CPU
		{882B3C08-618B-4D66-B45C-88853106F1AF}.Testing|x86.ActiveCfg = Release|Any CPU
		{882B3C08-618B-4D66-B45C-88853106F1AF}.VS|Any CPU.ActiveCfg = Debug|Any CPU
		{882B3C08-618B-4D66-B45C-88853106F1AF}.VS|Any CPU.Build.0 = Debug|Any CPU
		{882B3C08-618B-4D66-B45C-88853106F1AF}.VS|Mixed Platforms.ActiveCfg = Debug|Any CPU
		{882B3C08-618B-4D66-B45C-88853106F1AF}.VS|Mixed Platforms.Build.0 = Debug|Any CPU
		{882B3C08-618B-4D66-B45C-88853106F1AF}.VS|x86.ActiveCfg = Debug|Any CPU
		{A15E35A9-22E8-4A79-B6CE-C0984062DAC6}.Debug|Any CPU.ActiveCfg = Debug|Any CPU
		{A15E35A9-22E8-4A79-B6CE-C0984062DAC6}.Debug|Any CPU.Build.0 = Debug|Any CPU
		{A15E35A9-22E8-4A79-B6CE-C0984062DAC6}.Debug|Mixed Platforms.ActiveCfg = Debug|Any CPU
		{A15E35A9-22E8-4A79-B6CE-C0984062DAC6}.Debug|Mixed Platforms.Build.0 = Debug|Any CPU
		{A15E35A9-22E8-4A79-B6CE-C0984062DAC6}.Debug|x86.ActiveCfg = Debug|Any CPU
		{A15E35A9-22E8-4A79-B6CE-C0984062DAC6}.Debug|x86.Build.0 = Debug|Any CPU
		{A15E35A9-22E8-4A79-B6CE-C0984062DAC6}.Release|Any CPU.ActiveCfg = Release|Any CPU
		{A15E35A9-22E8-4A79-B6CE-C0984062DAC6}.Release|Any CPU.Build.0 = Release|Any CPU
		{A15E35A9-22E8-4A79-B6CE-C0984062DAC6}.Release|Mixed Platforms.ActiveCfg = Release|Any CPU
		{A15E35A9-22E8-4A79-B6CE-C0984062DAC6}.Release|Mixed Platforms.Build.0 = Release|Any CPU
		{A15E35A9-22E8-4A79-B6CE-C0984062DAC6}.Release|x86.ActiveCfg = Release|Any CPU
		{A15E35A9-22E8-4A79-B6CE-C0984062DAC6}.Release|x86.Build.0 = Release|Any CPU
		{A15E35A9-22E8-4A79-B6CE-C0984062DAC6}.Testing|Any CPU.ActiveCfg = Debug|Any CPU
		{A15E35A9-22E8-4A79-B6CE-C0984062DAC6}.Testing|Any CPU.Build.0 = Debug|Any CPU
		{A15E35A9-22E8-4A79-B6CE-C0984062DAC6}.Testing|Mixed Platforms.ActiveCfg = Debug|Any CPU
		{A15E35A9-22E8-4A79-B6CE-C0984062DAC6}.Testing|Mixed Platforms.Build.0 = Debug|Any CPU
		{A15E35A9-22E8-4A79-B6CE-C0984062DAC6}.Testing|x86.ActiveCfg = Debug|Any CPU
		{A15E35A9-22E8-4A79-B6CE-C0984062DAC6}.Testing|x86.Build.0 = Debug|Any CPU
		{A15E35A9-22E8-4A79-B6CE-C0984062DAC6}.VS|Any CPU.ActiveCfg = VS|Any CPU
		{A15E35A9-22E8-4A79-B6CE-C0984062DAC6}.VS|Any CPU.Build.0 = VS|Any CPU
		{A15E35A9-22E8-4A79-B6CE-C0984062DAC6}.VS|Mixed Platforms.ActiveCfg = Debug|Any CPU
		{A15E35A9-22E8-4A79-B6CE-C0984062DAC6}.VS|Mixed Platforms.Build.0 = Debug|Any CPU
		{A15E35A9-22E8-4A79-B6CE-C0984062DAC6}.VS|x86.ActiveCfg = VS|Any CPU
		{A66E8C8A-902B-425A-8315-C884FC1BC712}.Debug|Any CPU.ActiveCfg = Debug|Any CPU
		{A66E8C8A-902B-425A-8315-C884FC1BC712}.Debug|Any CPU.Build.0 = Debug|Any CPU
		{A66E8C8A-902B-425A-8315-C884FC1BC712}.Debug|Mixed Platforms.ActiveCfg = Debug|Any CPU
		{A66E8C8A-902B-425A-8315-C884FC1BC712}.Debug|Mixed Platforms.Build.0 = Debug|Any CPU
		{A66E8C8A-902B-425A-8315-C884FC1BC712}.Debug|x86.ActiveCfg = Debug|Any CPU
		{A66E8C8A-902B-425A-8315-C884FC1BC712}.Release|Any CPU.ActiveCfg = Release|Any CPU
		{A66E8C8A-902B-425A-8315-C884FC1BC712}.Release|Any CPU.Build.0 = Release|Any CPU
		{A66E8C8A-902B-425A-8315-C884FC1BC712}.Release|Mixed Platforms.ActiveCfg = Release|Any CPU
		{A66E8C8A-902B-425A-8315-C884FC1BC712}.Release|Mixed Platforms.Build.0 = Release|Any CPU
		{A66E8C8A-902B-425A-8315-C884FC1BC712}.Release|x86.ActiveCfg = Release|Any CPU
		{A66E8C8A-902B-425A-8315-C884FC1BC712}.Testing|Any CPU.ActiveCfg = Release|Any CPU
		{A66E8C8A-902B-425A-8315-C884FC1BC712}.Testing|Any CPU.Build.0 = Release|Any CPU
		{A66E8C8A-902B-425A-8315-C884FC1BC712}.Testing|Mixed Platforms.ActiveCfg = Release|Any CPU
		{A66E8C8A-902B-425A-8315-C884FC1BC712}.Testing|Mixed Platforms.Build.0 = Release|Any CPU
		{A66E8C8A-902B-425A-8315-C884FC1BC712}.Testing|x86.ActiveCfg = Release|Any CPU
		{A66E8C8A-902B-425A-8315-C884FC1BC712}.VS|Any CPU.ActiveCfg = VS|Any CPU
		{A66E8C8A-902B-425A-8315-C884FC1BC712}.VS|Any CPU.Build.0 = VS|Any CPU
		{A66E8C8A-902B-425A-8315-C884FC1BC712}.VS|Mixed Platforms.ActiveCfg = VS|Any CPU
		{A66E8C8A-902B-425A-8315-C884FC1BC712}.VS|Mixed Platforms.Build.0 = VS|Any CPU
		{A66E8C8A-902B-425A-8315-C884FC1BC712}.VS|x86.ActiveCfg = VS|Any CPU
		{A6749DFF-E369-4FE6-9019-6B7C555E80EA}.Debug|Any CPU.ActiveCfg = Debug|Any CPU
		{A6749DFF-E369-4FE6-9019-6B7C555E80EA}.Debug|Any CPU.Build.0 = Debug|Any CPU
		{A6749DFF-E369-4FE6-9019-6B7C555E80EA}.Debug|Mixed Platforms.ActiveCfg = Debug|Any CPU
		{A6749DFF-E369-4FE6-9019-6B7C555E80EA}.Debug|Mixed Platforms.Build.0 = Debug|Any CPU
		{A6749DFF-E369-4FE6-9019-6B7C555E80EA}.Debug|x86.ActiveCfg = Debug|Any CPU
		{A6749DFF-E369-4FE6-9019-6B7C555E80EA}.Debug|x86.Build.0 = Debug|Any CPU
		{A6749DFF-E369-4FE6-9019-6B7C555E80EA}.Release|Any CPU.ActiveCfg = Release|Any CPU
		{A6749DFF-E369-4FE6-9019-6B7C555E80EA}.Release|Any CPU.Build.0 = Release|Any CPU
		{A6749DFF-E369-4FE6-9019-6B7C555E80EA}.Release|Mixed Platforms.ActiveCfg = Release|Any CPU
		{A6749DFF-E369-4FE6-9019-6B7C555E80EA}.Release|Mixed Platforms.Build.0 = Release|Any CPU
		{A6749DFF-E369-4FE6-9019-6B7C555E80EA}.Release|x86.ActiveCfg = Release|Any CPU
		{A6749DFF-E369-4FE6-9019-6B7C555E80EA}.Release|x86.Build.0 = Release|Any CPU
		{A6749DFF-E369-4FE6-9019-6B7C555E80EA}.Testing|Any CPU.ActiveCfg = Debug|Any CPU
		{A6749DFF-E369-4FE6-9019-6B7C555E80EA}.Testing|Any CPU.Build.0 = Debug|Any CPU
		{A6749DFF-E369-4FE6-9019-6B7C555E80EA}.Testing|Mixed Platforms.ActiveCfg = Debug|Any CPU
		{A6749DFF-E369-4FE6-9019-6B7C555E80EA}.Testing|Mixed Platforms.Build.0 = Debug|Any CPU
		{A6749DFF-E369-4FE6-9019-6B7C555E80EA}.Testing|x86.ActiveCfg = Debug|Any CPU
		{A6749DFF-E369-4FE6-9019-6B7C555E80EA}.Testing|x86.Build.0 = Debug|Any CPU
		{A6749DFF-E369-4FE6-9019-6B7C555E80EA}.VS|Any CPU.ActiveCfg = Debug|Any CPU
		{A6749DFF-E369-4FE6-9019-6B7C555E80EA}.VS|Any CPU.Build.0 = Debug|Any CPU
		{A6749DFF-E369-4FE6-9019-6B7C555E80EA}.VS|Mixed Platforms.ActiveCfg = Debug|Any CPU
		{A6749DFF-E369-4FE6-9019-6B7C555E80EA}.VS|Mixed Platforms.Build.0 = Debug|Any CPU
		{A6749DFF-E369-4FE6-9019-6B7C555E80EA}.VS|x86.ActiveCfg = Debug|Any CPU
		{A6749DFF-E369-4FE6-9019-6B7C555E80EA}.VS|x86.Build.0 = Debug|Any CPU
		{C62A9DBC-A737-4C32-AF72-1D2826D29BB3}.Debug|Any CPU.ActiveCfg = Debug|Any CPU
		{C62A9DBC-A737-4C32-AF72-1D2826D29BB3}.Debug|Any CPU.Build.0 = Debug|Any CPU
		{C62A9DBC-A737-4C32-AF72-1D2826D29BB3}.Debug|Mixed Platforms.ActiveCfg = Debug|Any CPU
		{C62A9DBC-A737-4C32-AF72-1D2826D29BB3}.Debug|Mixed Platforms.Build.0 = Debug|Any CPU
		{C62A9DBC-A737-4C32-AF72-1D2826D29BB3}.Debug|x86.ActiveCfg = Debug|Any CPU
		{C62A9DBC-A737-4C32-AF72-1D2826D29BB3}.Release|Any CPU.ActiveCfg = Release|Any CPU
		{C62A9DBC-A737-4C32-AF72-1D2826D29BB3}.Release|Any CPU.Build.0 = Release|Any CPU
		{C62A9DBC-A737-4C32-AF72-1D2826D29BB3}.Release|Mixed Platforms.ActiveCfg = Release|Any CPU
		{C62A9DBC-A737-4C32-AF72-1D2826D29BB3}.Release|Mixed Platforms.Build.0 = Release|Any CPU
		{C62A9DBC-A737-4C32-AF72-1D2826D29BB3}.Release|x86.ActiveCfg = Release|Any CPU
		{C62A9DBC-A737-4C32-AF72-1D2826D29BB3}.Testing|Any CPU.ActiveCfg = Release|Any CPU
		{C62A9DBC-A737-4C32-AF72-1D2826D29BB3}.Testing|Any CPU.Build.0 = Release|Any CPU
		{C62A9DBC-A737-4C32-AF72-1D2826D29BB3}.Testing|Mixed Platforms.ActiveCfg = Release|Any CPU
		{C62A9DBC-A737-4C32-AF72-1D2826D29BB3}.Testing|Mixed Platforms.Build.0 = Release|Any CPU
		{C62A9DBC-A737-4C32-AF72-1D2826D29BB3}.Testing|x86.ActiveCfg = Release|Any CPU
		{C62A9DBC-A737-4C32-AF72-1D2826D29BB3}.VS|Any CPU.ActiveCfg = VS|Any CPU
		{C62A9DBC-A737-4C32-AF72-1D2826D29BB3}.VS|Any CPU.Build.0 = VS|Any CPU
		{C62A9DBC-A737-4C32-AF72-1D2826D29BB3}.VS|Mixed Platforms.ActiveCfg = VS|Any CPU
		{C62A9DBC-A737-4C32-AF72-1D2826D29BB3}.VS|Mixed Platforms.Build.0 = VS|Any CPU
		{C62A9DBC-A737-4C32-AF72-1D2826D29BB3}.VS|x86.ActiveCfg = VS|Any CPU
		{C9485F7F-13D6-41BB-96B5-6E4D640DCB06}.Debug|Any CPU.ActiveCfg = Debug|Any CPU
		{C9485F7F-13D6-41BB-96B5-6E4D640DCB06}.Debug|Any CPU.Build.0 = Debug|Any CPU
		{C9485F7F-13D6-41BB-96B5-6E4D640DCB06}.Debug|Mixed Platforms.ActiveCfg = Debug|Any CPU
		{C9485F7F-13D6-41BB-96B5-6E4D640DCB06}.Debug|Mixed Platforms.Build.0 = Debug|Any CPU
		{C9485F7F-13D6-41BB-96B5-6E4D640DCB06}.Debug|x86.ActiveCfg = Debug|Any CPU
		{C9485F7F-13D6-41BB-96B5-6E4D640DCB06}.Debug|x86.Build.0 = Debug|Any CPU
		{C9485F7F-13D6-41BB-96B5-6E4D640DCB06}.Release|Any CPU.ActiveCfg = Release|Any CPU
		{C9485F7F-13D6-41BB-96B5-6E4D640DCB06}.Release|Any CPU.Build.0 = Release|Any CPU
		{C9485F7F-13D6-41BB-96B5-6E4D640DCB06}.Release|Mixed Platforms.ActiveCfg = Release|Any CPU
		{C9485F7F-13D6-41BB-96B5-6E4D640DCB06}.Release|Mixed Platforms.Build.0 = Release|Any CPU
		{C9485F7F-13D6-41BB-96B5-6E4D640DCB06}.Release|x86.ActiveCfg = Release|Any CPU
		{C9485F7F-13D6-41BB-96B5-6E4D640DCB06}.Release|x86.Build.0 = Release|Any CPU
		{C9485F7F-13D6-41BB-96B5-6E4D640DCB06}.Testing|Any CPU.ActiveCfg = Debug|Any CPU
		{C9485F7F-13D6-41BB-96B5-6E4D640DCB06}.Testing|Any CPU.Build.0 = Debug|Any CPU
		{C9485F7F-13D6-41BB-96B5-6E4D640DCB06}.Testing|Mixed Platforms.ActiveCfg = Debug|Any CPU
		{C9485F7F-13D6-41BB-96B5-6E4D640DCB06}.Testing|Mixed Platforms.Build.0 = Debug|Any CPU
		{C9485F7F-13D6-41BB-96B5-6E4D640DCB06}.Testing|x86.ActiveCfg = Debug|Any CPU
		{C9485F7F-13D6-41BB-96B5-6E4D640DCB06}.Testing|x86.Build.0 = Debug|Any CPU
		{C9485F7F-13D6-41BB-96B5-6E4D640DCB06}.VS|Any CPU.ActiveCfg = VS|Any CPU
		{C9485F7F-13D6-41BB-96B5-6E4D640DCB06}.VS|Any CPU.Build.0 = VS|Any CPU
		{C9485F7F-13D6-41BB-96B5-6E4D640DCB06}.VS|Mixed Platforms.ActiveCfg = VS|Any CPU
		{C9485F7F-13D6-41BB-96B5-6E4D640DCB06}.VS|Mixed Platforms.Build.0 = VS|Any CPU
		{C9485F7F-13D6-41BB-96B5-6E4D640DCB06}.VS|x86.ActiveCfg = VS|Any CPU
		{D6AA5C5F-3040-45C3-BC29-047FC2BA1291}.Debug|Any CPU.ActiveCfg = Debug|Any CPU
		{D6AA5C5F-3040-45C3-BC29-047FC2BA1291}.Debug|Any CPU.Build.0 = Debug|Any CPU
		{D6AA5C5F-3040-45C3-BC29-047FC2BA1291}.Debug|Mixed Platforms.ActiveCfg = Debug|Any CPU
		{D6AA5C5F-3040-45C3-BC29-047FC2BA1291}.Debug|Mixed Platforms.Build.0 = Debug|Any CPU
		{D6AA5C5F-3040-45C3-BC29-047FC2BA1291}.Debug|x86.ActiveCfg = Debug|Any CPU
		{D6AA5C5F-3040-45C3-BC29-047FC2BA1291}.Debug|x86.Build.0 = Debug|Any CPU
		{D6AA5C5F-3040-45C3-BC29-047FC2BA1291}.Release|Any CPU.ActiveCfg = Release|Any CPU
		{D6AA5C5F-3040-45C3-BC29-047FC2BA1291}.Release|Any CPU.Build.0 = Release|Any CPU
		{D6AA5C5F-3040-45C3-BC29-047FC2BA1291}.Release|Mixed Platforms.ActiveCfg = Release|Any CPU
		{D6AA5C5F-3040-45C3-BC29-047FC2BA1291}.Release|Mixed Platforms.Build.0 = Release|Any CPU
		{D6AA5C5F-3040-45C3-BC29-047FC2BA1291}.Release|x86.ActiveCfg = Release|Any CPU
		{D6AA5C5F-3040-45C3-BC29-047FC2BA1291}.Release|x86.Build.0 = Release|Any CPU
		{D6AA5C5F-3040-45C3-BC29-047FC2BA1291}.Testing|Any CPU.ActiveCfg = Debug|Any CPU
		{D6AA5C5F-3040-45C3-BC29-047FC2BA1291}.Testing|Any CPU.Build.0 = Debug|Any CPU
		{D6AA5C5F-3040-45C3-BC29-047FC2BA1291}.Testing|Mixed Platforms.ActiveCfg = Debug|Any CPU
		{D6AA5C5F-3040-45C3-BC29-047FC2BA1291}.Testing|Mixed Platforms.Build.0 = Debug|Any CPU
		{D6AA5C5F-3040-45C3-BC29-047FC2BA1291}.Testing|x86.ActiveCfg = Debug|Any CPU
		{D6AA5C5F-3040-45C3-BC29-047FC2BA1291}.Testing|x86.Build.0 = Debug|Any CPU
		{D6AA5C5F-3040-45C3-BC29-047FC2BA1291}.VS|Any CPU.ActiveCfg = VS|Any CPU
		{D6AA5C5F-3040-45C3-BC29-047FC2BA1291}.VS|Any CPU.Build.0 = VS|Any CPU
		{D6AA5C5F-3040-45C3-BC29-047FC2BA1291}.VS|Mixed Platforms.ActiveCfg = VS|Any CPU
		{D6AA5C5F-3040-45C3-BC29-047FC2BA1291}.VS|Mixed Platforms.Build.0 = VS|Any CPU
		{D6AA5C5F-3040-45C3-BC29-047FC2BA1291}.VS|x86.ActiveCfg = VS|Any CPU
		{F0499708-3EB6-4026-8362-97E6FFC4E7C8}.Debug|Any CPU.ActiveCfg = Debug|Any CPU
		{F0499708-3EB6-4026-8362-97E6FFC4E7C8}.Debug|Any CPU.Build.0 = Debug|Any CPU
		{F0499708-3EB6-4026-8362-97E6FFC4E7C8}.Debug|Mixed Platforms.ActiveCfg = Debug|Any CPU
		{F0499708-3EB6-4026-8362-97E6FFC4E7C8}.Debug|Mixed Platforms.Build.0 = Debug|Any CPU
		{F0499708-3EB6-4026-8362-97E6FFC4E7C8}.Debug|x86.ActiveCfg = Debug|Any CPU
		{F0499708-3EB6-4026-8362-97E6FFC4E7C8}.Release|Any CPU.ActiveCfg = Release|Any CPU
		{F0499708-3EB6-4026-8362-97E6FFC4E7C8}.Release|Any CPU.Build.0 = Release|Any CPU
		{F0499708-3EB6-4026-8362-97E6FFC4E7C8}.Release|Mixed Platforms.ActiveCfg = Release|Any CPU
		{F0499708-3EB6-4026-8362-97E6FFC4E7C8}.Release|Mixed Platforms.Build.0 = Release|Any CPU
		{F0499708-3EB6-4026-8362-97E6FFC4E7C8}.Release|x86.ActiveCfg = Release|Any CPU
		{F0499708-3EB6-4026-8362-97E6FFC4E7C8}.Testing|Any CPU.ActiveCfg = Release|Any CPU
		{F0499708-3EB6-4026-8362-97E6FFC4E7C8}.Testing|Any CPU.Build.0 = Release|Any CPU
		{F0499708-3EB6-4026-8362-97E6FFC4E7C8}.Testing|Mixed Platforms.ActiveCfg = Release|Any CPU
		{F0499708-3EB6-4026-8362-97E6FFC4E7C8}.Testing|Mixed Platforms.Build.0 = Release|Any CPU
		{F0499708-3EB6-4026-8362-97E6FFC4E7C8}.Testing|x86.ActiveCfg = Release|Any CPU
		{F0499708-3EB6-4026-8362-97E6FFC4E7C8}.VS|Any CPU.ActiveCfg = Debug|Any CPU
		{F0499708-3EB6-4026-8362-97E6FFC4E7C8}.VS|Any CPU.Build.0 = Debug|Any CPU
		{F0499708-3EB6-4026-8362-97E6FFC4E7C8}.VS|Mixed Platforms.ActiveCfg = Debug|Any CPU
		{F0499708-3EB6-4026-8362-97E6FFC4E7C8}.VS|Mixed Platforms.Build.0 = Debug|Any CPU
		{F0499708-3EB6-4026-8362-97E6FFC4E7C8}.VS|x86.ActiveCfg = Debug|Any CPU
		{F414FAEE-BDD9-4DD8-81FE-0998339F1C75}.Debug|Any CPU.ActiveCfg = Debug|Any CPU
		{F414FAEE-BDD9-4DD8-81FE-0998339F1C75}.Debug|Any CPU.Build.0 = Debug|Any CPU
		{F414FAEE-BDD9-4DD8-81FE-0998339F1C75}.Debug|Mixed Platforms.ActiveCfg = Debug|Any CPU
		{F414FAEE-BDD9-4DD8-81FE-0998339F1C75}.Debug|Mixed Platforms.Build.0 = Debug|Any CPU
		{F414FAEE-BDD9-4DD8-81FE-0998339F1C75}.Debug|x86.ActiveCfg = Debug|Any CPU
		{F414FAEE-BDD9-4DD8-81FE-0998339F1C75}.Release|Any CPU.ActiveCfg = Release|Any CPU
		{F414FAEE-BDD9-4DD8-81FE-0998339F1C75}.Release|Any CPU.Build.0 = Release|Any CPU
		{F414FAEE-BDD9-4DD8-81FE-0998339F1C75}.Release|Mixed Platforms.ActiveCfg = Release|Any CPU
		{F414FAEE-BDD9-4DD8-81FE-0998339F1C75}.Release|Mixed Platforms.Build.0 = Release|Any CPU
		{F414FAEE-BDD9-4DD8-81FE-0998339F1C75}.Release|x86.ActiveCfg = Release|Any CPU
		{F414FAEE-BDD9-4DD8-81FE-0998339F1C75}.Testing|Any CPU.ActiveCfg = Release|Any CPU
		{F414FAEE-BDD9-4DD8-81FE-0998339F1C75}.Testing|Any CPU.Build.0 = Release|Any CPU
		{F414FAEE-BDD9-4DD8-81FE-0998339F1C75}.Testing|Mixed Platforms.ActiveCfg = Release|Any CPU
		{F414FAEE-BDD9-4DD8-81FE-0998339F1C75}.Testing|Mixed Platforms.Build.0 = Release|Any CPU
		{F414FAEE-BDD9-4DD8-81FE-0998339F1C75}.Testing|x86.ActiveCfg = Release|Any CPU
		{F414FAEE-BDD9-4DD8-81FE-0998339F1C75}.VS|Any CPU.ActiveCfg = VS|Any CPU
		{F414FAEE-BDD9-4DD8-81FE-0998339F1C75}.VS|Any CPU.Build.0 = VS|Any CPU
		{F414FAEE-BDD9-4DD8-81FE-0998339F1C75}.VS|Mixed Platforms.ActiveCfg = VS|Any CPU
		{F414FAEE-BDD9-4DD8-81FE-0998339F1C75}.VS|Mixed Platforms.Build.0 = VS|Any CPU
		{F414FAEE-BDD9-4DD8-81FE-0998339F1C75}.VS|x86.ActiveCfg = VS|Any CPU
		{FAE3C99D-5471-4939-AF10-DBC6D0F3B5C8}.Debug|Any CPU.ActiveCfg = Debug|Any CPU
		{FAE3C99D-5471-4939-AF10-DBC6D0F3B5C8}.Debug|Any CPU.Build.0 = Debug|Any CPU
		{FAE3C99D-5471-4939-AF10-DBC6D0F3B5C8}.Debug|Mixed Platforms.ActiveCfg = Debug|Any CPU
		{FAE3C99D-5471-4939-AF10-DBC6D0F3B5C8}.Debug|Mixed Platforms.Build.0 = Debug|Any CPU
		{FAE3C99D-5471-4939-AF10-DBC6D0F3B5C8}.Debug|x86.ActiveCfg = Debug|Any CPU
		{FAE3C99D-5471-4939-AF10-DBC6D0F3B5C8}.Release|Any CPU.ActiveCfg = Release|Any CPU
		{FAE3C99D-5471-4939-AF10-DBC6D0F3B5C8}.Release|Any CPU.Build.0 = Release|Any CPU
		{FAE3C99D-5471-4939-AF10-DBC6D0F3B5C8}.Release|Mixed Platforms.ActiveCfg = Release|Any CPU
		{FAE3C99D-5471-4939-AF10-DBC6D0F3B5C8}.Release|Mixed Platforms.Build.0 = Release|Any CPU
		{FAE3C99D-5471-4939-AF10-DBC6D0F3B5C8}.Release|x86.ActiveCfg = Release|Any CPU
		{FAE3C99D-5471-4939-AF10-DBC6D0F3B5C8}.Testing|Any CPU.ActiveCfg = Release|Any CPU
		{FAE3C99D-5471-4939-AF10-DBC6D0F3B5C8}.Testing|Any CPU.Build.0 = Release|Any CPU
		{FAE3C99D-5471-4939-AF10-DBC6D0F3B5C8}.Testing|Mixed Platforms.ActiveCfg = Release|Any CPU
		{FAE3C99D-5471-4939-AF10-DBC6D0F3B5C8}.Testing|Mixed Platforms.Build.0 = Release|Any CPU
		{FAE3C99D-5471-4939-AF10-DBC6D0F3B5C8}.Testing|x86.ActiveCfg = Release|Any CPU
		{FAE3C99D-5471-4939-AF10-DBC6D0F3B5C8}.VS|Any CPU.ActiveCfg = VS|Any CPU
		{FAE3C99D-5471-4939-AF10-DBC6D0F3B5C8}.VS|Any CPU.Build.0 = VS|Any CPU
		{FAE3C99D-5471-4939-AF10-DBC6D0F3B5C8}.VS|Mixed Platforms.ActiveCfg = VS|Any CPU
		{FAE3C99D-5471-4939-AF10-DBC6D0F3B5C8}.VS|Mixed Platforms.Build.0 = VS|Any CPU
		{FAE3C99D-5471-4939-AF10-DBC6D0F3B5C8}.VS|x86.ActiveCfg = VS|Any CPU
	EndGlobalSection
	GlobalSection(NestedProjects) = preSolution
		{016C8D73-3641-47FB-8D33-7A015A7EC7DB} = {B880E45B-9467-472E-9EF9-243E67364185}
		{F0499708-3EB6-4026-8362-97E6FFC4E7C8} = {B880E45B-9467-472E-9EF9-243E67364185}
		{882B3C08-618B-4D66-B45C-88853106F1AF} = {B880E45B-9467-472E-9EF9-243E67364185}
		{A6749DFF-E369-4FE6-9019-6B7C555E80EA} = {B880E45B-9467-472E-9EF9-243E67364185}
		{35FF4EBD-85F0-4727-8AC0-32AE4F3723D0} = {B880E45B-9467-472E-9EF9-243E67364185}
		{709222FD-15C2-497D-8B31-366ADCC074CD} = {B880E45B-9467-472E-9EF9-243E67364185}
		{6F9EB2BB-23E7-4658-94B0-A62B0C8734F5} = {A3AD2C95-539B-462F-A0D6-A38C19D060F4}
		{C62A9DBC-A737-4C32-AF72-1D2826D29BB3} = {A3AD2C95-539B-462F-A0D6-A38C19D060F4}
		{57D7FED5-37A6-4D7B-9686-39B43E6DC921} = {A3AD2C95-539B-462F-A0D6-A38C19D060F4}
		{A66E8C8A-902B-425A-8315-C884FC1BC712} = {A3AD2C95-539B-462F-A0D6-A38C19D060F4}
		{D6AA5C5F-3040-45C3-BC29-047FC2BA1291} = {A3AD2C95-539B-462F-A0D6-A38C19D060F4}
	EndGlobalSection
	GlobalSection(MonoDevelopProperties) = preSolution
		StartupItem = ..\..\Projects\CSharp\UnityEditor.csproj
	EndGlobalSection
	GlobalSection(SolutionProperties) = preSolution
		HideSolutionNode = FALSE
	EndGlobalSection
EndGlobal
