// !$*UTF8*$!
{
	archiveVersion = 1;
	classes = {
	};
	objectVersion = 46;
	objects = {

/* Begin PBXBuildFile section */
		2DEAD1B11DABA9AC00EBF19D /* MacInstallerUtil.m in Sources */ = {isa = PBXBuildFile; fileRef = 2DEAD1B01DABA9AC00EBF19D /* MacInstallerUtil.m */; };
/* End PBXBuildFile section */

/* Begin PBXFileReference section */
		2DEAD1A91DABA98D00EBF19D /* libMacInstallerLib.a */ = {isa = PBXFileReference; explicitFileType = archive.ar; includeInIndex = 0; path = libMacInstallerLib.a; sourceTree = BUILT_PRODUCTS_DIR; };
		2DEAD1B01DABA9AC00EBF19D /* MacInstallerUtil.m */ = {isa = PBXFileReference; fileEncoding = 4; lastKnownFileType = sourcecode.c.objc; path = MacInstallerUtil.m; sourceTree = "<group>"; };
		2DEAD1B21DABAA8200EBF19D /* MacInstallerUtil.h */ = {isa = PBXFileReference; lastKnownFileType = sourcecode.c.h; path = MacInstallerUtil.h; sourceTree = "<group>"; };
/* End PBXFileReference section */

/* Begin PBXFrameworksBuildPhase section */
		2DEAD1A61DABA98D00EBF19D /* Frameworks */ = {
			isa = PBXFrameworksBuildPhase;
			buildActionMask = 2147483647;
			files = (
			);
			runOnlyForDeploymentPostprocessing = 0;
		};
/* End PBXFrameworksBuildPhase section */

/* Begin PBXGroup section */
		2DEAD1A01DABA98D00EBF19D = {
			isa = PBXGroup;
			children = (
				2DEAD1B21DABAA8200EBF19D /* MacInstallerUtil.h */,
				2DEAD1B01DABA9AC00EBF19D /* MacInstallerUtil.m */,
				2DEAD1AA1DABA98D00EBF19D /* Products */,
			);
			sourceTree = "<group>";
		};
		2DEAD1AA1DABA98D00EBF19D /* Products */ = {
			isa = PBXGroup;
			children = (
				2DEAD1A91DABA98D00EBF19D /* libMacInstallerLib.a */,
			);
			name = Products;
			sourceTree = "<group>";
		};
/* End PBXGroup section */

/* Begin PBXHeadersBuildPhase section */
		2DEAD1A71DABA98D00EBF19D /* Headers */ = {
			isa = PBXHeadersBuildPhase;
			buildActionMask = 2147483647;
			files = (
			);
			runOnlyForDeploymentPostprocessing = 0;
		};
/* End PBXHeadersBuildPhase section */

/* Begin PBXNativeTarget section */
		2DEAD1A81DABA98D00EBF19D /* MacInstallerLib */ = {
			isa = PBXNativeTarget;
			buildConfigurationList = 2DEAD1AD1DABA98D00EBF19D /* Build configuration list for PBXNativeTarget "MacInstallerLib" */;
			buildPhases = (
				2DEAD1A51DABA98D00EBF19D /* Sources */,
				2DEAD1A61DABA98D00EBF19D /* Frameworks */,
				2DEAD1A71DABA98D00EBF19D /* Headers */,
			);
			buildRules = (
			);
			dependencies = (
			);
			name = MacInstallerLib;
			productName = MacInstallerLib;
			productReference = 2DEAD1A91DABA98D00EBF19D /* libMacInstallerLib.a */;
			productType = "com.apple.product-type.library.static";
		};
/* End PBXNativeTarget section */

/* Begin PBXProject section */
		2DEAD1A11DABA98D00EBF19D /* Project object */ = {
			isa = PBXProject;
			attributes = {
				LastUpgradeCheck = 0800;
				ORGANIZATIONNAME = "Alexey Yakovenko";
				TargetAttributes = {
					2DEAD1A81DABA98D00EBF19D = {
						CreatedOnToolsVersion = 8.0;
						ProvisioningStyle = Automatic;
					};
				};
			};
			buildConfigurationList = 2DEAD1A41DABA98D00EBF19D /* Build configuration list for PBXProject "MacInstallerLib" */;
			compatibilityVersion = "Xcode 3.2";
			developmentRegion = English;
			hasScannedForEncodings = 0;
			knownRegions = (
				English,
				en,
			);
			mainGroup = 2DEAD1A01DABA98D00EBF19D;
			productRefGroup = 2DEAD1AA1DABA98D00EBF19D /* Products */;
			projectDirPath = "";
			projectRoot = "";
			targets = (
				2DEAD1A81DABA98D00EBF19D /* MacInstallerLib */,
			);
		};
/* End PBXProject section */

/* Begin PBXSourcesBuildPhase section */
		2DEAD1A51DABA98D00EBF19D /* Sources */ = {
			isa = PBXSourcesBuildPhase;
			buildActionMask = 2147483647;
			files = (
				2DEAD1B11DABA9AC00EBF19D /* MacInstallerUtil.m in Sources */,
			);
			runOnlyForDeploymentPostprocessing = 0;
		};
/* End PBXSourcesBuildPhase section */

/* Begin XCBuildConfiguration section */
		2DEAD1AB1DABA98D00EBF19D /* Debug */ = {
			isa = XCBuildConfiguration;
			buildSettings = {
				ALWAYS_SEARCH_USER_PATHS = NO;
				CLANG_ANALYZER_NONNULL = YES;
				CLANG_CXX_LANGUAGE_STANDARD = "gnu++0x";
				CLANG_CXX_LIBRARY = "libc++";
				CLANG_ENABLE_MODULES = YES;
				CLANG_WARN_BOOL_CONVERSION = YES;
				CLANG_WARN_CONSTANT_CONVERSION = YES;
				CLANG_WARN_DIRECT_OBJC_ISA_USAGE = YES_ERROR;
				CLANG_WARN_DOCUMENTATION_COMMENTS = YES;
				CLANG_WARN_EMPTY_BODY = YES;
				CLANG_WARN_ENUM_CONVERSION = YES;
				CLANG_WARN_INFINITE_RECURSION = YES;
				CLANG_WARN_INT_CONVERSION = YES;
				CLANG_WARN_OBJC_ROOT_CLASS = YES_ERROR;
				CLANG_WARN_SUSPICIOUS_MOVES = YES;
				CLANG_WARN_UNREACHABLE_CODE = YES;
				CLANG_WARN__DUPLICATE_METHOD_MATCH = YES;
				COPY_PHASE_STRIP = NO;
				DEBUG_INFORMATION_FORMAT = dwarf;
				ENABLE_HARDENED_RUNTIME = YES;
				ENABLE_STRICT_OBJC_MSGSEND = YES;
				ENABLE_TESTABILITY = YES;
				GCC_C_LANGUAGE_STANDARD = gnu99;
				GCC_DYNAMIC_NO_PIC = NO;
				GCC_NO_COMMON_BLOCKS = YES;
				GCC_OPTIMIZATION_LEVEL = 0;
				GCC_PREPROCESSOR_DEFINITIONS = (
					"DEBUG=1",
					"$(inherited)",
				);
				GCC_WARN_64_TO_32_BIT_CONVERSION = YES;
				GCC_WARN_ABOUT_RETURN_TYPE = YES_ERROR;
				GCC_WARN_UNDECLARED_SELECTOR = YES;
				GCC_WARN_UNINITIALIZED_AUTOS = YES_AGGRESSIVE;
				GCC_WARN_UNUSED_FUNCTION = YES;
				GCC_WARN_UNUSED_VARIABLE = YES;
				MACOSX_DEPLOYMENT_TARGET = 10.11;
				MTL_ENABLE_DEBUG_INFO = YES;
				ONLY_ACTIVE_ARCH = YES;
				SDKROOT = macosx;
			};
			name = Debug;
		};
		2DEAD1AC1DABA98D00EBF19D /* Release */ = {
			isa = XCBuildConfiguration;
			buildSettings = {
				ALWAYS_SEARCH_USER_PATHS = NO;
				CLANG_ANALYZER_NONNULL = YES;
				CLANG_CXX_LANGUAGE_STANDARD = "gnu++0x";
				CLANG_CXX_LIBRARY = "libc++";
				CLANG_ENABLE_MODULES = YES;
				CLANG_WARN_BOOL_CONVERSION = YES;
				CLANG_WARN_CONSTANT_CONVERSION = YES;
				CLANG_WARN_DIRECT_OBJC_ISA_USAGE = YES_ERROR;
				CLANG_WARN_DOCUMENTATION_COMMENTS = YES;
				CLANG_WARN_EMPTY_BODY = YES;
				CLANG_WARN_ENUM_CONVERSION = YES;
				CLANG_WARN_INFINITE_RECURSION = YES;
				CLANG_WARN_INT_CONVERSION = YES;
				CLANG_WARN_OBJC_ROOT_CLASS = YES_ERROR;
				CLANG_WARN_SUSPICIOUS_MOVES = YES;
				CLANG_WARN_UNREACHABLE_CODE = YES;
				CLANG_WARN__DUPLICATE_METHOD_MATCH = YES;
				COPY_PHASE_STRIP = NO;
				DEBUG_INFORMATION_FORMAT = "dwarf-with-dsym";
				ENABLE_HARDENED_RUNTIME = YES;
				ENABLE_NS_ASSERTIONS = NO;
				ENABLE_STRICT_OBJC_MSGSEND = YES;
				GCC_C_LANGUAGE_STANDARD = gnu99;
				GCC_NO_COMMON_BLOCKS = YES;
				GCC_WARN_64_TO_32_BIT_CONVERSION = YES;
				GCC_WARN_ABOUT_RETURN_TYPE = YES_ERROR;
				GCC_WARN_UNDECLARED_SELECTOR = YES;
				GCC_WARN_UNINITIALIZED_AUTOS = YES_AGGRESSIVE;
				GCC_WARN_UNUSED_FUNCTION = YES;
				GCC_WARN_UNUSED_VARIABLE = YES;
				MACOSX_DEPLOYMENT_TARGET = 10.11;
				MTL_ENABLE_DEBUG_INFO = NO;
				SDKROOT = macosx;
			};
			name = Release;
		};
		2DEAD1AE1DABA98D00EBF19D /* Debug */ = {
			isa = XCBuildConfiguration;
			buildSettings = {
				PRODUCT_NAME = "$(TARGET_NAME)";
				SKIP_INSTALL = YES;
			};
			name = Debug;
		};
		2DEAD1AF1DABA98D00EBF19D /* Release */ = {
			isa = XCBuildConfiguration;
			buildSettings = {
				PRODUCT_NAME = "$(TARGET_NAME)";
				SKIP_INSTALL = YES;
			};
			name = Release;
		};
/* End XCBuildConfiguration section */

/* Begin XCConfigurationList section */
		2DEAD1A41DABA98D00EBF19D /* Build configuration list for PBXProject "MacInstallerLib" */ = {
			isa = XCConfigurationList;
			buildConfigurations = (
				2DEAD1AB1DABA98D00EBF19D /* Debug */,
				2DEAD1AC1DABA98D00EBF19D /* Release */,
			);
			defaultConfigurationIsVisible = 0;
			defaultConfigurationName = Release;
		};
		2DEAD1AD1DABA98D00EBF19D /* Build configuration list for PBXNativeTarget "MacInstallerLib" */ = {
			isa = XCConfigurationList;
			buildConfigurations = (
				2DEAD1AE1DABA98D00EBF19D /* Debug */,
				2DEAD1AF1DABA98D00EBF19D /* Release */,
			);
			defaultConfigurationIsVisible = 0;
			defaultConfigurationName = Release;
		};
/* End XCConfigurationList section */
	};
	rootObject = 2DEAD1A11DABA98D00EBF19D /* Project object */;
}
