
Microsoft Visual Studio Solution File, Format Version 12.00
# Visual Studio 2013
VisualStudioVersion = 12.0.30501.0
MinimumVisualStudioVersion = 10.0.40219.1
Project("{FAE04EC0-301F-11D3-BF4B-00C04F79EFBC}") = "BindingsToCsAndCpp", "BindingsToCsAndCpp\BindingsToCsAndCpp.csproj", "{1C3E11D7-244A-43D9-89AE-7C19C06791D6}"
EndProject
Project("{FAE04EC0-301F-11D3-BF4B-00C04F79EFBC}") = "Unity.CommonTools", "..\Unity.CommonTools\Unity.CommonTools.csproj", "{882B3C08-618B-4D66-B45C-88853106F1AF}"
EndProject
Project("{2150E333-8FDC-42A3-9474-1A3956D46DE8}") = "OneShot", "OneShot", "{3B057835-4EBA-45F4-B385-02518CFF53AC}"
EndProject
Project("{FAE04EC0-301F-11D3-BF4B-00C04F79EFBC}") = "UnityBindingsParser", "UnityBindingsParser\UnityBindingsParser.csproj", "{629F0D26-CF0E-4419-BAF2-2A2C9F8F9852}"
EndProject
Project("{FAE04EC0-301F-11D3-BF4B-00C04F79EFBC}") = "DataContract", "..\PackageManager\DataContract\DataContract.csproj", "{A15E35A9-22E8-4A79-B6CE-C0984062DAC6}"
EndProject
Global
	GlobalSection(SolutionConfigurationPlatforms) = preSolution
		Debug|Any CPU = Debug|Any CPU
		Debug|Mixed Platforms = Debug|Mixed Platforms
		Debug|x86 = Debug|x86
		Release|Any CPU = Release|Any CPU
		Release|Mixed Platforms = Release|Mixed Platforms
		Release|x86 = Release|x86
		Testing|Any CPU = Testing|Any CPU
		Testing|Mixed Platforms = Testing|Mixed Platforms
		Testing|x86 = Testing|x86
	EndGlobalSection
	GlobalSection(ProjectConfigurationPlatforms) = postSolution
		{1C3E11D7-244A-43D9-89AE-7C19C06791D6}.Debug|Any CPU.ActiveCfg = Debug|Any CPU
		{1C3E11D7-244A-43D9-89AE-7C19C06791D6}.Debug|Any CPU.Build.0 = Debug|Any CPU
		{1C3E11D7-244A-43D9-89AE-7C19C06791D6}.Debug|Mixed Platforms.ActiveCfg = Debug|Any CPU
		{1C3E11D7-244A-43D9-89AE-7C19C06791D6}.Debug|Mixed Platforms.Build.0 = Debug|Any CPU
		{1C3E11D7-244A-43D9-89AE-7C19C06791D6}.Debug|x86.ActiveCfg = Debug|Any CPU
		{1C3E11D7-244A-43D9-89AE-7C19C06791D6}.Release|Any CPU.ActiveCfg = Release|Any CPU
		{1C3E11D7-244A-43D9-89AE-7C19C06791D6}.Release|Any CPU.Build.0 = Release|Any CPU
		{1C3E11D7-244A-43D9-89AE-7C19C06791D6}.Release|Mixed Platforms.ActiveCfg = Release|Any CPU
		{1C3E11D7-244A-43D9-89AE-7C19C06791D6}.Release|Mixed Platforms.Build.0 = Release|Any CPU
		{1C3E11D7-244A-43D9-89AE-7C19C06791D6}.Release|x86.ActiveCfg = Release|Any CPU
		{1C3E11D7-244A-43D9-89AE-7C19C06791D6}.Testing|Any CPU.ActiveCfg = Release|Any CPU
		{1C3E11D7-244A-43D9-89AE-7C19C06791D6}.Testing|Any CPU.Build.0 = Release|Any CPU
		{1C3E11D7-244A-43D9-89AE-7C19C06791D6}.Testing|Mixed Platforms.ActiveCfg = Release|Any CPU
		{1C3E11D7-244A-43D9-89AE-7C19C06791D6}.Testing|Mixed Platforms.Build.0 = Release|Any CPU
		{1C3E11D7-244A-43D9-89AE-7C19C06791D6}.Testing|x86.ActiveCfg = Release|Any CPU
		{882B3C08-618B-4D66-B45C-88853106F1AF}.Debug|Any CPU.ActiveCfg = Debug|Any CPU
		{882B3C08-618B-4D66-B45C-88853106F1AF}.Debug|Any CPU.Build.0 = Debug|Any CPU
		{882B3C08-618B-4D66-B45C-88853106F1AF}.Debug|Mixed Platforms.ActiveCfg = Debug|Any CPU
		{882B3C08-618B-4D66-B45C-88853106F1AF}.Debug|Mixed Platforms.Build.0 = Debug|Any CPU
		{882B3C08-618B-4D66-B45C-88853106F1AF}.Debug|x86.ActiveCfg = Debug|Any CPU
		{882B3C08-618B-4D66-B45C-88853106F1AF}.Release|Any CPU.ActiveCfg = Debug|Any CPU
		{882B3C08-618B-4D66-B45C-88853106F1AF}.Release|Any CPU.Build.0 = Debug|Any CPU
		{882B3C08-618B-4D66-B45C-88853106F1AF}.Release|Mixed Platforms.ActiveCfg = Debug|Any CPU
		{882B3C08-618B-4D66-B45C-88853106F1AF}.Release|x86.ActiveCfg = Debug|Any CPU
		{882B3C08-618B-4D66-B45C-88853106F1AF}.Testing|Any CPU.ActiveCfg = Debug|Any CPU
		{882B3C08-618B-4D66-B45C-88853106F1AF}.Testing|Any CPU.Build.0 = Debug|Any CPU
		{882B3C08-618B-4D66-B45C-88853106F1AF}.Testing|Mixed Platforms.ActiveCfg = Debug|Any CPU
		{882B3C08-618B-4D66-B45C-88853106F1AF}.Testing|x86.ActiveCfg = Debug|Any CPU
		{629F0D26-CF0E-4419-BAF2-2A2C9F8F9852}.Debug|Any CPU.ActiveCfg = Debug|Any CPU
		{629F0D26-CF0E-4419-BAF2-2A2C9F8F9852}.Debug|Any CPU.Build.0 = Debug|Any CPU
		{629F0D26-CF0E-4419-BAF2-2A2C9F8F9852}.Debug|Mixed Platforms.ActiveCfg = Debug|Any CPU
		{629F0D26-CF0E-4419-BAF2-2A2C9F8F9852}.Debug|Mixed Platforms.Build.0 = Debug|Any CPU
		{629F0D26-CF0E-4419-BAF2-2A2C9F8F9852}.Debug|x86.ActiveCfg = Debug|Any CPU
		{629F0D26-CF0E-4419-BAF2-2A2C9F8F9852}.Release|Any CPU.ActiveCfg = Release|Any CPU
		{629F0D26-CF0E-4419-BAF2-2A2C9F8F9852}.Release|Any CPU.Build.0 = Release|Any CPU
		{629F0D26-CF0E-4419-BAF2-2A2C9F8F9852}.Release|Mixed Platforms.ActiveCfg = Release|Any CPU
		{629F0D26-CF0E-4419-BAF2-2A2C9F8F9852}.Release|Mixed Platforms.Build.0 = Release|Any CPU
		{629F0D26-CF0E-4419-BAF2-2A2C9F8F9852}.Release|x86.ActiveCfg = Release|Any CPU
		{629F0D26-CF0E-4419-BAF2-2A2C9F8F9852}.Testing|Any CPU.ActiveCfg = Release|Any CPU
		{629F0D26-CF0E-4419-BAF2-2A2C9F8F9852}.Testing|Any CPU.Build.0 = Release|Any CPU
		{629F0D26-CF0E-4419-BAF2-2A2C9F8F9852}.Testing|Mixed Platforms.ActiveCfg = Release|Any CPU
		{629F0D26-CF0E-4419-BAF2-2A2C9F8F9852}.Testing|x86.ActiveCfg = Release|Any CPU
		{A15E35A9-22E8-4A79-B6CE-C0984062DAC6}.Debug|Any CPU.ActiveCfg = Debug|Any CPU
		{A15E35A9-22E8-4A79-B6CE-C0984062DAC6}.Debug|Any CPU.Build.0 = Debug|Any CPU
		{A15E35A9-22E8-4A79-B6CE-C0984062DAC6}.Debug|Mixed Platforms.ActiveCfg = Debug|Any CPU
		{A15E35A9-22E8-4A79-B6CE-C0984062DAC6}.Debug|Mixed Platforms.Build.0 = Debug|Any CPU
		{A15E35A9-22E8-4A79-B6CE-C0984062DAC6}.Debug|x86.ActiveCfg = Debug|Any CPU
		{A15E35A9-22E8-4A79-B6CE-C0984062DAC6}.Release|Any CPU.ActiveCfg = Release|Any CPU
		{A15E35A9-22E8-4A79-B6CE-C0984062DAC6}.Release|Any CPU.Build.0 = Release|Any CPU
		{A15E35A9-22E8-4A79-B6CE-C0984062DAC6}.Release|Mixed Platforms.ActiveCfg = Release|Any CPU
		{A15E35A9-22E8-4A79-B6CE-C0984062DAC6}.Release|Mixed Platforms.Build.0 = Release|Any CPU
		{A15E35A9-22E8-4A79-B6CE-C0984062DAC6}.Release|x86.ActiveCfg = Release|Any CPU
		{A15E35A9-22E8-4A79-B6CE-C0984062DAC6}.Testing|Any CPU.ActiveCfg = Release|Any CPU
		{A15E35A9-22E8-4A79-B6CE-C0984062DAC6}.Testing|Any CPU.Build.0 = Release|Any CPU
		{A15E35A9-22E8-4A79-B6CE-C0984062DAC6}.Testing|Mixed Platforms.ActiveCfg = Release|Any CPU
		{A15E35A9-22E8-4A79-B6CE-C0984062DAC6}.Testing|x86.ActiveCfg = Release|Any CPU
	EndGlobalSection
	GlobalSection(SolutionProperties) = preSolution
		HideSolutionNode = FALSE
	EndGlobalSection
	GlobalSection(NestedProjects) = preSolution
		{629F0D26-CF0E-4419-BAF2-2A2C9F8F9852} = {3B057835-4EBA-45F4-B385-02518CFF53AC}
	EndGlobalSection
	GlobalSection(MonoDevelopProperties) = preSolution
		StartupItem = APIDocumentationGenerator\APIDocumentationGenerator.csproj
	EndGlobalSection
EndGlobal
