
Microsoft Visual Studio Solution File, Format Version 12.00
# Visual Studio 2013
VisualStudioVersion = 12.0.21005.1
MinimumVisualStudioVersion = 10.0.40219.1
Project("{FAE04EC0-301F-11D3-BF4B-00C04F79EFBC}") = "RegistrationGenerator", "RegistrationGenerator.csproj", "{D1F74111-0B49-4027-9CDD-809E27A42786}"
EndProject
Project("{FAE04EC0-301F-11D3-BF4B-00C04F79EFBC}") = "Unity.RegistrationGenerator", "..\Unity.RegistrationGenerator\Unity.RegistrationGenerator.csproj", "{E00BC9D4-70FE-42B6-B156-585BE9442C56}"
EndProject
Project("{FAE04EC0-301F-11D3-BF4B-00C04F79EFBC}") = "Unity.RegistrationGenerator.Tests", "..\Unity.RegistrationGenerator.Tests\Unity.RegistrationGenerator.Tests.csproj", "{7C6504DB-3E3E-4805-9F5F-A7AAE586EBED}"
EndProject
Project("{FAE04EC0-301F-11D3-BF4B-00C04F79EFBC}") = "Unity.Options", "..\..\Unity.Options\Unity.Options\Unity.Options.csproj", "{783F0782-FA64-49FB-9B89-8B4A56003A70}"
EndProject
Global
	GlobalSection(SolutionConfigurationPlatforms) = preSolution
		Debug|Any CPU = Debug|Any CPU
		Release|Any CPU = Release|Any CPU
	EndGlobalSection
	GlobalSection(ProjectConfigurationPlatforms) = postSolution
		{D1F74111-0B49-4027-9CDD-809E27A42786}.Debug|Any CPU.ActiveCfg = Debug|Any CPU
		{D1F74111-0B49-4027-9CDD-809E27A42786}.Debug|Any CPU.Build.0 = Debug|Any CPU
		{D1F74111-0B49-4027-9CDD-809E27A42786}.Release|Any CPU.ActiveCfg = Release|Any CPU
		{D1F74111-0B49-4027-9CDD-809E27A42786}.Release|Any CPU.Build.0 = Release|Any CPU
		{E00BC9D4-70FE-42B6-B156-585BE9442C56}.Debug|Any CPU.ActiveCfg = Debug|Any CPU
		{E00BC9D4-70FE-42B6-B156-585BE9442C56}.Debug|Any CPU.Build.0 = Debug|Any CPU
		{E00BC9D4-70FE-42B6-B156-585BE9442C56}.Release|Any CPU.ActiveCfg = Release|Any CPU
		{E00BC9D4-70FE-42B6-B156-585BE9442C56}.Release|Any CPU.Build.0 = Release|Any CPU
		{7C6504DB-3E3E-4805-9F5F-A7AAE586EBED}.Debug|Any CPU.ActiveCfg = Debug|Any CPU
		{7C6504DB-3E3E-4805-9F5F-A7AAE586EBED}.Debug|Any CPU.Build.0 = Debug|Any CPU
		{7C6504DB-3E3E-4805-9F5F-A7AAE586EBED}.Release|Any CPU.ActiveCfg = Release|Any CPU
		{7C6504DB-3E3E-4805-9F5F-A7AAE586EBED}.Release|Any CPU.Build.0 = Release|Any CPU
		{783F0782-FA64-49FB-9B89-8B4A56003A70}.Debug|Any CPU.ActiveCfg = Debug|Any CPU
		{783F0782-FA64-49FB-9B89-8B4A56003A70}.Debug|Any CPU.Build.0 = Debug|Any CPU
		{783F0782-FA64-49FB-9B89-8B4A56003A70}.Release|Any CPU.ActiveCfg = Release|Any CPU
		{783F0782-FA64-49FB-9B89-8B4A56003A70}.Release|Any CPU.Build.0 = Release|Any CPU
	EndGlobalSection
	GlobalSection(SolutionProperties) = preSolution
		HideSolutionNode = FALSE
	EndGlobalSection
EndGlobal
